
Microsoft Visual Studio Solution File, Format Version 12.00
# Visual Studio Version 17
VisualStudioVersion = 17.0.31903.59
MinimumVisualStudioVersion = 10.0.40219.1
Project("{2150E333-8FDC-42A3-9474-1A3956D46DE8}") = "backend", "backend", "{8C7B3B44-DDCF-42EE-8684-4EBB55295C3E}"
EndProject
Project("{FAE04EC0-301F-11D3-BF4B-00C04F79EFBC}") = "Mission_11_Burnside.API", "backend\Mission_11_Burnside.API\Mission_11_Burnside.API.csproj", "{C5396566-F0CC-4F48-9218-EC3B6975B1B7}"
EndProject
Global
	GlobalSection(SolutionConfigurationPlatforms) = preSolution
		Debug|Any CPU = Debug|Any CPU
		Release|Any CPU = Release|Any CPU
	EndGlobalSection
	GlobalSection(SolutionProperties) = preSolution
		HideSolutionNode = FALSE
	EndGlobalSection
	GlobalSection(ProjectConfigurationPlatforms) = postSolution
		{C5396566-F0CC-4F48-9218-EC3B6975B1B7}.Debug|Any CPU.ActiveCfg = Debug|Any CPU
		{C5396566-F0CC-4F48-9218-EC3B6975B1B7}.Debug|Any CPU.Build.0 = Debug|Any CPU
		{C5396566-F0CC-4F48-9218-EC3B6975B1B7}.Release|Any CPU.ActiveCfg = Release|Any CPU
		{C5396566-F0CC-4F48-9218-EC3B6975B1B7}.Release|Any CPU.Build.0 = Release|Any CPU
	EndGlobalSection
	GlobalSection(NestedProjects) = preSolution
		{C5396566-F0CC-4F48-9218-EC3B6975B1B7} = {8C7B3B44-DDCF-42EE-8684-4EBB55295C3E}
	EndGlobalSection
EndGlobal
